
Microsoft Visual Studio Solution File, Format Version 12.00
# Visual Studio 15
VisualStudioVersion = 15.0.27004.2002
MinimumVisualStudioVersion = 10.0.40219.1
Project("{00D1A9C2-B5F0-4AF3-8072-F6C62B433612}") = "SQL.Task", "SQL.Task\SQL.Task.sqlproj", "{3C371FC8-1B1F-40F3-93B3-6497C7315678}"
EndProject
Project("{00D1A9C2-B5F0-4AF3-8072-F6C62B433612}") = "Northwind", "Northwind\Northwind.sqlproj", "{8EAD86AE-81E4-495B-B07A-CC3741F05459}"
EndProject
Global
	GlobalSection(SolutionConfigurationPlatforms) = preSolution
		Debug|Any CPU = Debug|Any CPU
		Release|Any CPU = Release|Any CPU
	EndGlobalSection
	GlobalSection(ProjectConfigurationPlatforms) = postSolution
		{3C371FC8-1B1F-40F3-93B3-6497C7315678}.Debug|Any CPU.ActiveCfg = Debug|Any CPU
		{3C371FC8-1B1F-40F3-93B3-6497C7315678}.Debug|Any CPU.Build.0 = Debug|Any CPU
		{3C371FC8-1B1F-40F3-93B3-6497C7315678}.Debug|Any CPU.Deploy.0 = Debug|Any CPU
		{3C371FC8-1B1F-40F3-93B3-6497C7315678}.Release|Any CPU.ActiveCfg = Release|Any CPU
		{3C371FC8-1B1F-40F3-93B3-6497C7315678}.Release|Any CPU.Build.0 = Release|Any CPU
		{3C371FC8-1B1F-40F3-93B3-6497C7315678}.Release|Any CPU.Deploy.0 = Release|Any CPU
		{8EAD86AE-81E4-495B-B07A-CC3741F05459}.Debug|Any CPU.ActiveCfg = Debug|Any CPU
		{8EAD86AE-81E4-495B-B07A-CC3741F05459}.Debug|Any CPU.Build.0 = Debug|Any CPU
		{8EAD86AE-81E4-495B-B07A-CC3741F05459}.Debug|Any CPU.Deploy.0 = Debug|Any CPU
		{8EAD86AE-81E4-495B-B07A-CC3741F05459}.Release|Any CPU.ActiveCfg = Release|Any CPU
		{8EAD86AE-81E4-495B-B07A-CC3741F05459}.Release|Any CPU.Build.0 = Release|Any CPU
		{8EAD86AE-81E4-495B-B07A-CC3741F05459}.Release|Any CPU.Deploy.0 = Release|Any CPU
	EndGlobalSection
	GlobalSection(SolutionProperties) = preSolution
		HideSolutionNode = FALSE
	EndGlobalSection
	GlobalSection(ExtensibilityGlobals) = postSolution
		SolutionGuid = {7BEF0481-4104-46F1-8E03-1580E00FB114}
	EndGlobalSection
EndGlobal
