
Microsoft Visual Studio Solution File, Format Version 12.00
# Visual Studio 15
VisualStudioVersion = 15.0.27004.2002
MinimumVisualStudioVersion = 10.0.40219.1
Project("{FAE04EC0-301F-11D3-BF4B-00C04F79EFBC}") = "HTTP.Task", "HTTP.Task\HTTP.Task.csproj", "{14E2FA47-06D1-413E-B0DB-5F0999E0B99D}"
EndProject
Project("{FAE04EC0-301F-11D3-BF4B-00C04F79EFBC}") = "WebLib", "WebLib\WebLib.csproj", "{A7035243-14FD-4F51-9AE4-6D02641298C1}"
EndProject
Global
	GlobalSection(SolutionConfigurationPlatforms) = preSolution
		Debug|Any CPU = Debug|Any CPU
		Release|Any CPU = Release|Any CPU
	EndGlobalSection
	GlobalSection(ProjectConfigurationPlatforms) = postSolution
		{14E2FA47-06D1-413E-B0DB-5F0999E0B99D}.Debug|Any CPU.ActiveCfg = Debug|Any CPU
		{14E2FA47-06D1-413E-B0DB-5F0999E0B99D}.Debug|Any CPU.Build.0 = Debug|Any CPU
		{14E2FA47-06D1-413E-B0DB-5F0999E0B99D}.Release|Any CPU.ActiveCfg = Release|Any CPU
		{14E2FA47-06D1-413E-B0DB-5F0999E0B99D}.Release|Any CPU.Build.0 = Release|Any CPU
		{A7035243-14FD-4F51-9AE4-6D02641298C1}.Debug|Any CPU.ActiveCfg = Debug|Any CPU
		{A7035243-14FD-4F51-9AE4-6D02641298C1}.Debug|Any CPU.Build.0 = Debug|Any CPU
		{A7035243-14FD-4F51-9AE4-6D02641298C1}.Release|Any CPU.ActiveCfg = Release|Any CPU
		{A7035243-14FD-4F51-9AE4-6D02641298C1}.Release|Any CPU.Build.0 = Release|Any CPU
	EndGlobalSection
	GlobalSection(SolutionProperties) = preSolution
		HideSolutionNode = FALSE
	EndGlobalSection
	GlobalSection(ExtensibilityGlobals) = postSolution
		SolutionGuid = {AFB08A55-03D8-4341-AD85-A5E73CF9EBC9}
	EndGlobalSection
EndGlobal
