
Microsoft Visual Studio Solution File, Format Version 12.00
# Visual Studio 15
VisualStudioVersion = 15.0.27004.2002
MinimumVisualStudioVersion = 10.0.40219.1
Project("{2150E333-8FDC-42A3-9474-1A3956D46DE8}") = "Caching.Task.Part1", "Caching.Task.Part1", "{B72A563E-2B48-4C3B-81C4-CB0CD9CAD12F}"
EndProject
Project("{FAE04EC0-301F-11D3-BF4B-00C04F79EFBC}") = "Caching.Part1", "Caching.Part1\Caching.Part1.csproj", "{BF9E9A27-8FED-49CE-8C16-3B92F66FAE99}"
EndProject
Project("{FAE04EC0-301F-11D3-BF4B-00C04F79EFBC}") = "CachingLib", "CachingLib\CachingLib.csproj", "{D876F43F-B3B9-4A35-A546-DF2766C26AEA}"
EndProject
Project("{FAE04EC0-301F-11D3-BF4B-00C04F79EFBC}") = "RedisLib", "RedisLib\RedisLib.csproj", "{10E37AA1-D2E0-418D-903A-9ED52C454E61}"
EndProject
Project("{2150E333-8FDC-42A3-9474-1A3956D46DE8}") = "Caching.Task.Part2", "Caching.Task.Part2", "{B6E37CD1-8975-4EF1-864A-0B17E1078E1E}"
EndProject
Project("{2150E333-8FDC-42A3-9474-1A3956D46DE8}") = "Part1", "Part1", "{D531555E-F028-4288-A4E7-A9D467AD9AAE}"
EndProject
Project("{FAE04EC0-301F-11D3-BF4B-00C04F79EFBC}") = "CachingLibRepository", "CachingLibRepository\CachingLibRepository.csproj", "{80C2D3A7-EE0E-45EB-881A-5DAEFC949C8A}"
EndProject
Project("{FAE04EC0-301F-11D3-BF4B-00C04F79EFBC}") = "Caching.Part2", "Caching.Part2\Caching.Part2.csproj", "{3048D5CE-90A7-4ED7-97B2-03388927BBAE}"
EndProject
Project("{FAE04EC0-301F-11D3-BF4B-00C04F79EFBC}") = "NorthwindLibrary", "NorthwindLibrary\NorthwindLibrary.csproj", "{83072721-060E-4738-9ABD-7711C4F07ED2}"
EndProject
Project("{2150E333-8FDC-42A3-9474-1A3956D46DE8}") = "CachingProviders", "CachingProviders", "{5461E48F-6C2C-4E2C-A956-112284266A5F}"
EndProject
Project("{2150E333-8FDC-42A3-9474-1A3956D46DE8}") = "Part2", "Part2", "{2D8CA445-66DA-4290-9CFB-F704AD458FE5}"
EndProject
Project("{FAE04EC0-301F-11D3-BF4B-00C04F79EFBC}") = "CachingLibInvalidationCache", "CachingLibInvalidationCache\CachingLibInvalidationCache.csproj", "{31FB6632-52CC-4E4A-8ED5-11B065FB2152}"
EndProject
Project("{FAE04EC0-301F-11D3-BF4B-00C04F79EFBC}") = "InvalidationCache.Part2", "InvalidationCache.Part2\InvalidationCache.Part2.csproj", "{7287E10A-EA91-497C-8EC7-D9693FB17DA4}"
EndProject
Global
	GlobalSection(SolutionConfigurationPlatforms) = preSolution
		Debug|Any CPU = Debug|Any CPU
		Release|Any CPU = Release|Any CPU
	EndGlobalSection
	GlobalSection(ProjectConfigurationPlatforms) = postSolution
		{BF9E9A27-8FED-49CE-8C16-3B92F66FAE99}.Debug|Any CPU.ActiveCfg = Debug|Any CPU
		{BF9E9A27-8FED-49CE-8C16-3B92F66FAE99}.Debug|Any CPU.Build.0 = Debug|Any CPU
		{BF9E9A27-8FED-49CE-8C16-3B92F66FAE99}.Release|Any CPU.ActiveCfg = Release|Any CPU
		{BF9E9A27-8FED-49CE-8C16-3B92F66FAE99}.Release|Any CPU.Build.0 = Release|Any CPU
		{D876F43F-B3B9-4A35-A546-DF2766C26AEA}.Debug|Any CPU.ActiveCfg = Debug|Any CPU
		{D876F43F-B3B9-4A35-A546-DF2766C26AEA}.Debug|Any CPU.Build.0 = Debug|Any CPU
		{D876F43F-B3B9-4A35-A546-DF2766C26AEA}.Release|Any CPU.ActiveCfg = Release|Any CPU
		{D876F43F-B3B9-4A35-A546-DF2766C26AEA}.Release|Any CPU.Build.0 = Release|Any CPU
		{10E37AA1-D2E0-418D-903A-9ED52C454E61}.Debug|Any CPU.ActiveCfg = Debug|Any CPU
		{10E37AA1-D2E0-418D-903A-9ED52C454E61}.Debug|Any CPU.Build.0 = Debug|Any CPU
		{10E37AA1-D2E0-418D-903A-9ED52C454E61}.Release|Any CPU.ActiveCfg = Release|Any CPU
		{10E37AA1-D2E0-418D-903A-9ED52C454E61}.Release|Any CPU.Build.0 = Release|Any CPU
		{80C2D3A7-EE0E-45EB-881A-5DAEFC949C8A}.Debug|Any CPU.ActiveCfg = Debug|Any CPU
		{80C2D3A7-EE0E-45EB-881A-5DAEFC949C8A}.Debug|Any CPU.Build.0 = Debug|Any CPU
		{80C2D3A7-EE0E-45EB-881A-5DAEFC949C8A}.Release|Any CPU.ActiveCfg = Release|Any CPU
		{80C2D3A7-EE0E-45EB-881A-5DAEFC949C8A}.Release|Any CPU.Build.0 = Release|Any CPU
		{3048D5CE-90A7-4ED7-97B2-03388927BBAE}.Debug|Any CPU.ActiveCfg = Debug|Any CPU
		{3048D5CE-90A7-4ED7-97B2-03388927BBAE}.Debug|Any CPU.Build.0 = Debug|Any CPU
		{3048D5CE-90A7-4ED7-97B2-03388927BBAE}.Release|Any CPU.ActiveCfg = Release|Any CPU
		{3048D5CE-90A7-4ED7-97B2-03388927BBAE}.Release|Any CPU.Build.0 = Release|Any CPU
		{83072721-060E-4738-9ABD-7711C4F07ED2}.Debug|Any CPU.ActiveCfg = Debug|Any CPU
		{83072721-060E-4738-9ABD-7711C4F07ED2}.Debug|Any CPU.Build.0 = Debug|Any CPU
		{83072721-060E-4738-9ABD-7711C4F07ED2}.Release|Any CPU.ActiveCfg = Release|Any CPU
		{83072721-060E-4738-9ABD-7711C4F07ED2}.Release|Any CPU.Build.0 = Release|Any CPU
		{31FB6632-52CC-4E4A-8ED5-11B065FB2152}.Debug|Any CPU.ActiveCfg = Debug|Any CPU
		{31FB6632-52CC-4E4A-8ED5-11B065FB2152}.Debug|Any CPU.Build.0 = Debug|Any CPU
		{31FB6632-52CC-4E4A-8ED5-11B065FB2152}.Release|Any CPU.ActiveCfg = Release|Any CPU
		{31FB6632-52CC-4E4A-8ED5-11B065FB2152}.Release|Any CPU.Build.0 = Release|Any CPU
		{7287E10A-EA91-497C-8EC7-D9693FB17DA4}.Debug|Any CPU.ActiveCfg = Debug|Any CPU
		{7287E10A-EA91-497C-8EC7-D9693FB17DA4}.Debug|Any CPU.Build.0 = Debug|Any CPU
		{7287E10A-EA91-497C-8EC7-D9693FB17DA4}.Release|Any CPU.ActiveCfg = Release|Any CPU
		{7287E10A-EA91-497C-8EC7-D9693FB17DA4}.Release|Any CPU.Build.0 = Release|Any CPU
	EndGlobalSection
	GlobalSection(SolutionProperties) = preSolution
		HideSolutionNode = FALSE
	EndGlobalSection
	GlobalSection(NestedProjects) = preSolution
		{BF9E9A27-8FED-49CE-8C16-3B92F66FAE99} = {B72A563E-2B48-4C3B-81C4-CB0CD9CAD12F}
		{D876F43F-B3B9-4A35-A546-DF2766C26AEA} = {5461E48F-6C2C-4E2C-A956-112284266A5F}
		{10E37AA1-D2E0-418D-903A-9ED52C454E61} = {5461E48F-6C2C-4E2C-A956-112284266A5F}
		{D531555E-F028-4288-A4E7-A9D467AD9AAE} = {B6E37CD1-8975-4EF1-864A-0B17E1078E1E}
		{80C2D3A7-EE0E-45EB-881A-5DAEFC949C8A} = {D531555E-F028-4288-A4E7-A9D467AD9AAE}
		{3048D5CE-90A7-4ED7-97B2-03388927BBAE} = {D531555E-F028-4288-A4E7-A9D467AD9AAE}
		{83072721-060E-4738-9ABD-7711C4F07ED2} = {B6E37CD1-8975-4EF1-864A-0B17E1078E1E}
		{2D8CA445-66DA-4290-9CFB-F704AD458FE5} = {B6E37CD1-8975-4EF1-864A-0B17E1078E1E}
		{31FB6632-52CC-4E4A-8ED5-11B065FB2152} = {2D8CA445-66DA-4290-9CFB-F704AD458FE5}
		{7287E10A-EA91-497C-8EC7-D9693FB17DA4} = {2D8CA445-66DA-4290-9CFB-F704AD458FE5}
	EndGlobalSection
	GlobalSection(ExtensibilityGlobals) = postSolution
		SolutionGuid = {C06B1A1E-B766-400E-9607-7C3B9B73DCC7}
	EndGlobalSection
EndGlobal
