
Microsoft Visual Studio Solution File, Format Version 12.00
# Visual Studio 15
VisualStudioVersion = 15.0.27004.2002
MinimumVisualStudioVersion = 10.0.40219.1
Project("{FAE04EC0-301F-11D3-BF4B-00C04F79EFBC}") = "ORM.Task", "ORM.Task\ORM.Task.csproj", "{EB20A861-2933-40D1-BF32-489C3E71F6B8}"
EndProject
Project("{FAE04EC0-301F-11D3-BF4B-00C04F79EFBC}") = "ORM.Part1", "ORM.Part1\ORM.Part1.csproj", "{3DA9BBA6-9C47-49E5-BAD8-F543933B18FA}"
EndProject
Project("{FAE04EC0-301F-11D3-BF4B-00C04F79EFBC}") = "ORM.Part2", "ORM.Part2\ORM.Part2.csproj", "{A6E8DCB2-FBC1-46C7-B76F-886E69C8FE71}"
EndProject
Global
	GlobalSection(SolutionConfigurationPlatforms) = preSolution
		Debug|Any CPU = Debug|Any CPU
		Release|Any CPU = Release|Any CPU
	EndGlobalSection
	GlobalSection(ProjectConfigurationPlatforms) = postSolution
		{EB20A861-2933-40D1-BF32-489C3E71F6B8}.Debug|Any CPU.ActiveCfg = Debug|Any CPU
		{EB20A861-2933-40D1-BF32-489C3E71F6B8}.Debug|Any CPU.Build.0 = Debug|Any CPU
		{EB20A861-2933-40D1-BF32-489C3E71F6B8}.Release|Any CPU.ActiveCfg = Release|Any CPU
		{EB20A861-2933-40D1-BF32-489C3E71F6B8}.Release|Any CPU.Build.0 = Release|Any CPU
		{3DA9BBA6-9C47-49E5-BAD8-F543933B18FA}.Debug|Any CPU.ActiveCfg = Debug|Any CPU
		{3DA9BBA6-9C47-49E5-BAD8-F543933B18FA}.Debug|Any CPU.Build.0 = Debug|Any CPU
		{3DA9BBA6-9C47-49E5-BAD8-F543933B18FA}.Release|Any CPU.ActiveCfg = Release|Any CPU
		{3DA9BBA6-9C47-49E5-BAD8-F543933B18FA}.Release|Any CPU.Build.0 = Release|Any CPU
		{A6E8DCB2-FBC1-46C7-B76F-886E69C8FE71}.Debug|Any CPU.ActiveCfg = Debug|Any CPU
		{A6E8DCB2-FBC1-46C7-B76F-886E69C8FE71}.Debug|Any CPU.Build.0 = Debug|Any CPU
		{A6E8DCB2-FBC1-46C7-B76F-886E69C8FE71}.Release|Any CPU.ActiveCfg = Release|Any CPU
		{A6E8DCB2-FBC1-46C7-B76F-886E69C8FE71}.Release|Any CPU.Build.0 = Release|Any CPU
	EndGlobalSection
	GlobalSection(SolutionProperties) = preSolution
		HideSolutionNode = FALSE
	EndGlobalSection
	GlobalSection(ExtensibilityGlobals) = postSolution
		SolutionGuid = {F03BCBBD-E333-4734-941B-7404258F5C0F}
	EndGlobalSection
EndGlobal
