
Microsoft Visual Studio Solution File, Format Version 12.00
# Visual Studio 15
VisualStudioVersion = 15.0.27004.2002
MinimumVisualStudioVersion = 10.0.40219.1
Project("{FAE04EC0-301F-11D3-BF4B-00C04F79EFBC}") = "Tools for developer.Task", "Tools for developer.Task\Tools for developer.Task.csproj", "{9B0BB1D7-33E8-45C9-9378-83355EA5CFA9}"
EndProject
Global
	GlobalSection(SolutionConfigurationPlatforms) = preSolution
		Debug|Any CPU = Debug|Any CPU
		Release|Any CPU = Release|Any CPU
	EndGlobalSection
	GlobalSection(ProjectConfigurationPlatforms) = postSolution
		{9B0BB1D7-33E8-45C9-9378-83355EA5CFA9}.Debug|Any CPU.ActiveCfg = Debug|Any CPU
		{9B0BB1D7-33E8-45C9-9378-83355EA5CFA9}.Debug|Any CPU.Build.0 = Debug|Any CPU
		{9B0BB1D7-33E8-45C9-9378-83355EA5CFA9}.Release|Any CPU.ActiveCfg = Release|Any CPU
		{9B0BB1D7-33E8-45C9-9378-83355EA5CFA9}.Release|Any CPU.Build.0 = Release|Any CPU
	EndGlobalSection
	GlobalSection(SolutionProperties) = preSolution
		HideSolutionNode = FALSE
	EndGlobalSection
	GlobalSection(ExtensibilityGlobals) = postSolution
		SolutionGuid = {7925FB13-7921-475B-BFCD-D911BCFB9F1C}
	EndGlobalSection
EndGlobal
