
Microsoft Visual Studio Solution File, Format Version 12.00
# Visual Studio 15
VisualStudioVersion = 15.0.27004.2002
MinimumVisualStudioVersion = 10.0.40219.1
Project("{FAE04EC0-301F-11D3-BF4B-00C04F79EFBC}") = "Tools for developerForTest.Task", "Tools for developer.Task\Tools for developerForTest.Task.csproj", "{9B0BB1D7-33E8-45C9-9378-83355EA5CFA9}"
EndProject
Project("{FAE04EC0-301F-11D3-BF4B-00C04F79EFBC}") = "MyNugetFeed", "MyNugetFeed\MyNugetFeed.csproj", "{A7F1D3B2-2D49-4E8A-8351-62B55813E72D}"
EndProject
Project("{FAE04EC0-301F-11D3-BF4B-00C04F79EFBC}") = "MyNugetLib", "MyNugetLib\MyNugetLib.csproj", "{1976D06A-9E37-4E08-9529-0A8F870534EE}"
EndProject
Project("{FAE04EC0-301F-11D3-BF4B-00C04F79EFBC}") = "ConsoleApp2", "ConsoleApp2\ConsoleApp2.csproj", "{90E5C6D0-B364-41B8-B247-997B08693A84}"
EndProject
Global
	GlobalSection(SolutionConfigurationPlatforms) = preSolution
		Debug|Any CPU = Debug|Any CPU
		Release|Any CPU = Release|Any CPU
	EndGlobalSection
	GlobalSection(ProjectConfigurationPlatforms) = postSolution
		{9B0BB1D7-33E8-45C9-9378-83355EA5CFA9}.Debug|Any CPU.ActiveCfg = Debug|Any CPU
		{9B0BB1D7-33E8-45C9-9378-83355EA5CFA9}.Debug|Any CPU.Build.0 = Debug|Any CPU
		{9B0BB1D7-33E8-45C9-9378-83355EA5CFA9}.Release|Any CPU.ActiveCfg = Release|Any CPU
		{9B0BB1D7-33E8-45C9-9378-83355EA5CFA9}.Release|Any CPU.Build.0 = Release|Any CPU
		{A7F1D3B2-2D49-4E8A-8351-62B55813E72D}.Debug|Any CPU.ActiveCfg = Debug|Any CPU
		{A7F1D3B2-2D49-4E8A-8351-62B55813E72D}.Debug|Any CPU.Build.0 = Debug|Any CPU
		{A7F1D3B2-2D49-4E8A-8351-62B55813E72D}.Release|Any CPU.ActiveCfg = Release|Any CPU
		{A7F1D3B2-2D49-4E8A-8351-62B55813E72D}.Release|Any CPU.Build.0 = Release|Any CPU
		{1976D06A-9E37-4E08-9529-0A8F870534EE}.Debug|Any CPU.ActiveCfg = Debug|Any CPU
		{1976D06A-9E37-4E08-9529-0A8F870534EE}.Debug|Any CPU.Build.0 = Debug|Any CPU
		{1976D06A-9E37-4E08-9529-0A8F870534EE}.Release|Any CPU.ActiveCfg = Release|Any CPU
		{1976D06A-9E37-4E08-9529-0A8F870534EE}.Release|Any CPU.Build.0 = Release|Any CPU
		{90E5C6D0-B364-41B8-B247-997B08693A84}.Debug|Any CPU.ActiveCfg = Debug|Any CPU
		{90E5C6D0-B364-41B8-B247-997B08693A84}.Debug|Any CPU.Build.0 = Debug|Any CPU
		{90E5C6D0-B364-41B8-B247-997B08693A84}.Release|Any CPU.ActiveCfg = Release|Any CPU
		{90E5C6D0-B364-41B8-B247-997B08693A84}.Release|Any CPU.Build.0 = Release|Any CPU
	EndGlobalSection
	GlobalSection(SolutionProperties) = preSolution
		HideSolutionNode = FALSE
	EndGlobalSection
	GlobalSection(ExtensibilityGlobals) = postSolution
		SolutionGuid = {7925FB13-7921-475B-BFCD-D911BCFB9F1C}
	EndGlobalSection
EndGlobal
