
Microsoft Visual Studio Solution File, Format Version 12.00
# Visual Studio 15
VisualStudioVersion = 15.0.27004.2002
MinimumVisualStudioVersion = 10.0.40219.1
Project("{FAE04EC0-301F-11D3-BF4B-00C04F79EFBC}") = "RoslynMyRules", "RoslynMyRules\RoslynMyRules\RoslynMyRules.csproj", "{75A39D5F-EE69-489C-8423-00D54A5526C7}"
EndProject
Project("{FAE04EC0-301F-11D3-BF4B-00C04F79EFBC}") = "RoslynMyRules.Test", "RoslynMyRules\RoslynMyRules.Test\RoslynMyRules.Test.csproj", "{8FCA29E4-FF0D-4CE4-AC22-0D846D6D7F81}"
EndProject
Project("{FAE04EC0-301F-11D3-BF4B-00C04F79EFBC}") = "RoslynMyRules.Vsix", "RoslynMyRules\RoslynMyRules.Vsix\RoslynMyRules.Vsix.csproj", "{220132EB-8B9F-4CC8-8095-04C0D8528CCE}"
EndProject
Global
	GlobalSection(SolutionConfigurationPlatforms) = preSolution
		Debug|Any CPU = Debug|Any CPU
		Release|Any CPU = Release|Any CPU
	EndGlobalSection
	GlobalSection(ProjectConfigurationPlatforms) = postSolution
		{75A39D5F-EE69-489C-8423-00D54A5526C7}.Debug|Any CPU.ActiveCfg = Debug|Any CPU
		{75A39D5F-EE69-489C-8423-00D54A5526C7}.Debug|Any CPU.Build.0 = Debug|Any CPU
		{75A39D5F-EE69-489C-8423-00D54A5526C7}.Release|Any CPU.ActiveCfg = Release|Any CPU
		{75A39D5F-EE69-489C-8423-00D54A5526C7}.Release|Any CPU.Build.0 = Release|Any CPU
		{8FCA29E4-FF0D-4CE4-AC22-0D846D6D7F81}.Debug|Any CPU.ActiveCfg = Debug|Any CPU
		{8FCA29E4-FF0D-4CE4-AC22-0D846D6D7F81}.Debug|Any CPU.Build.0 = Debug|Any CPU
		{8FCA29E4-FF0D-4CE4-AC22-0D846D6D7F81}.Release|Any CPU.ActiveCfg = Release|Any CPU
		{8FCA29E4-FF0D-4CE4-AC22-0D846D6D7F81}.Release|Any CPU.Build.0 = Release|Any CPU
		{220132EB-8B9F-4CC8-8095-04C0D8528CCE}.Debug|Any CPU.ActiveCfg = Debug|Any CPU
		{220132EB-8B9F-4CC8-8095-04C0D8528CCE}.Debug|Any CPU.Build.0 = Debug|Any CPU
		{220132EB-8B9F-4CC8-8095-04C0D8528CCE}.Release|Any CPU.ActiveCfg = Release|Any CPU
		{220132EB-8B9F-4CC8-8095-04C0D8528CCE}.Release|Any CPU.Build.0 = Release|Any CPU
	EndGlobalSection
	GlobalSection(SolutionProperties) = preSolution
		HideSolutionNode = FALSE
	EndGlobalSection
	GlobalSection(ExtensibilityGlobals) = postSolution
		SolutionGuid = {51EEDDAF-D330-4B4E-9524-A9C917EF43EC}
	EndGlobalSection
EndGlobal
